{
  "requires": true,
  "lockfileVersion": 1,
  "dependencies": {
    "ecsy": {
      "version": "0.3.2",
      "resolved": "https://registry.npmjs.org/ecsy/-/ecsy-0.3.2.tgz",
      "integrity": "sha512-Va57TfAkVulhMQ0QDVU2PNBAaUsZR/o5GTFWeKrRIiUS7zDAl4QMU778Qvb/0xkIARkJQWV6Zv7Ms1pOQlZtkw=="
    }
  }
}
